// !$*UTF8*$!
{
	archiveVersion = 1;
	classes = {
	};
	objectVersion = 50;
	objects = {

/* Begin PBXBuildFile section */
		18E984B522C3C3A20043ADB8 /* AppDelegate.swift in Sources */ = {isa = PBXBuildFile; fileRef = 18E984B422C3C3A20043ADB8 /* AppDelegate.swift */; };
		18E984B722C3C3A20043ADB8 /* ViewController.swift in Sources */ = {isa = PBXBuildFile; fileRef = 18E984B622C3C3A20043ADB8 /* ViewController.swift */; };
		18E984BA22C3C3A20043ADB8 /* Main.storyboard in Resources */ = {isa = PBXBuildFile; fileRef = 18E984B822C3C3A20043ADB8 /* Main.storyboard */; };
		18E984BD22C3C3A20043ADB8 /* SustainaBuddy.xcdatamodeld in Sources */ = {isa = PBXBuildFile; fileRef = 18E984BB22C3C3A20043ADB8 /* SustainaBuddy.xcdatamodeld */; };
		18E984BF22C3C3A40043ADB8 /* Assets.xcassets in Resources */ = {isa = PBXBuildFile; fileRef = 18E984BE22C3C3A40043ADB8 /* Assets.xcassets */; };
		18E984C222C3C3A40043ADB8 /* LaunchScreen.storyboard in Resources */ = {isa = PBXBuildFile; fileRef = 18E984C022C3C3A40043ADB8 /* LaunchScreen.storyboard */; };
		18E984CD22C3C3A40043ADB8 /* SustainaBuddyTests.swift in Sources */ = {isa = PBXBuildFile; fileRef = 18E984CC22C3C3A40043ADB8 /* SustainaBuddyTests.swift */; };
		18E984D822C3C3A40043ADB8 /* SustainaBuddyUITests.swift in Sources */ = {isa = PBXBuildFile; fileRef = 18E984D722C3C3A40043ADB8 /* SustainaBuddyUITests.swift */; };
		18E984E622C3DF0D0043ADB8 /* NameViewController.swift in Sources */ = {isa = PBXBuildFile; fileRef = 18E984E522C3DF0D0043ADB8 /* NameViewController.swift */; };
/* End PBXBuildFile section */

/* Begin PBXContainerItemProxy section */
		18E984C922C3C3A40043ADB8 /* PBXContainerItemProxy */ = {
			isa = PBXContainerItemProxy;
			containerPortal = 18E984A922C3C3A20043ADB8 /* Project object */;
			proxyType = 1;
			remoteGlobalIDString = 18E984B022C3C3A20043ADB8;
			remoteInfo = SustainaBuddy;
		};
		18E984D422C3C3A40043ADB8 /* PBXContainerItemProxy */ = {
			isa = PBXContainerItemProxy;
			containerPortal = 18E984A922C3C3A20043ADB8 /* Project object */;
			proxyType = 1;
			remoteGlobalIDString = 18E984B022C3C3A20043ADB8;
			remoteInfo = SustainaBuddy;
		};
/* End PBXContainerItemProxy section */

/* Begin PBXFileReference section */
		18E984B122C3C3A20043ADB8 /* SustainaBuddy.app */ = {isa = PBXFileReference; explicitFileType = wrapper.application; includeInIndex = 0; path = SustainaBuddy.app; sourceTree = BUILT_PRODUCTS_DIR; };
		18E984B422C3C3A20043ADB8 /* AppDelegate.swift */ = {isa = PBXFileReference; lastKnownFileType = sourcecode.swift; path = AppDelegate.swift; sourceTree = "<group>"; };
		18E984B622C3C3A20043ADB8 /* ViewController.swift */ = {isa = PBXFileReference; lastKnownFileType = sourcecode.swift; path = ViewController.swift; sourceTree = "<group>"; };
		18E984B922C3C3A20043ADB8 /* Base */ = {isa = PBXFileReference; lastKnownFileType = file.storyboard; name = Base; path = Base.lproj/Main.storyboard; sourceTree = "<group>"; };
		18E984BC22C3C3A20043ADB8 /* SustainaBuddy.xcdatamodel */ = {isa = PBXFileReference; lastKnownFileType = wrapper.xcdatamodel; path = SustainaBuddy.xcdatamodel; sourceTree = "<group>"; };
		18E984BE22C3C3A40043ADB8 /* Assets.xcassets */ = {isa = PBXFileReference; lastKnownFileType = folder.assetcatalog; path = Assets.xcassets; sourceTree = "<group>"; };
		18E984C122C3C3A40043ADB8 /* Base */ = {isa = PBXFileReference; lastKnownFileType = file.storyboard; name = Base; path = Base.lproj/LaunchScreen.storyboard; sourceTree = "<group>"; };
		18E984C322C3C3A40043ADB8 /* Info.plist */ = {isa = PBXFileReference; lastKnownFileType = text.plist.xml; path = Info.plist; sourceTree = "<group>"; };
		18E984C822C3C3A40043ADB8 /* SustainaBuddyTests.xctest */ = {isa = PBXFileReference; explicitFileType = wrapper.cfbundle; includeInIndex = 0; path = SustainaBuddyTests.xctest; sourceTree = BUILT_PRODUCTS_DIR; };
		18E984CC22C3C3A40043ADB8 /* SustainaBuddyTests.swift */ = {isa = PBXFileReference; lastKnownFileType = sourcecode.swift; path = SustainaBuddyTests.swift; sourceTree = "<group>"; };
		18E984CE22C3C3A40043ADB8 /* Info.plist */ = {isa = PBXFileReference; lastKnownFileType = text.plist.xml; path = Info.plist; sourceTree = "<group>"; };
		18E984D322C3C3A40043ADB8 /* SustainaBuddyUITests.xctest */ = {isa = PBXFileReference; explicitFileType = wrapper.cfbundle; includeInIndex = 0; path = SustainaBuddyUITests.xctest; sourceTree = BUILT_PRODUCTS_DIR; };
		18E984D722C3C3A40043ADB8 /* SustainaBuddyUITests.swift */ = {isa = PBXFileReference; lastKnownFileType = sourcecode.swift; path = SustainaBuddyUITests.swift; sourceTree = "<group>"; };
		18E984D922C3C3A40043ADB8 /* Info.plist */ = {isa = PBXFileReference; lastKnownFileType = text.plist.xml; path = Info.plist; sourceTree = "<group>"; };
		18E984E522C3DF0D0043ADB8 /* NameViewController.swift */ = {isa = PBXFileReference; lastKnownFileType = sourcecode.swift; path = NameViewController.swift; sourceTree = "<group>"; };
/* End PBXFileReference section */

/* Begin PBXFrameworksBuildPhase section */
		18E984AE22C3C3A20043ADB8 /* Frameworks */ = {
			isa = PBXFrameworksBuildPhase;
			buildActionMask = 2147483647;
			files = (
			);
			runOnlyForDeploymentPostprocessing = 0;
		};
		18E984C522C3C3A40043ADB8 /* Frameworks */ = {
			isa = PBXFrameworksBuildPhase;
			buildActionMask = 2147483647;
			files = (
			);
			runOnlyForDeploymentPostprocessing = 0;
		};
		18E984D022C3C3A40043ADB8 /* Frameworks */ = {
			isa = PBXFrameworksBuildPhase;
			buildActionMask = 2147483647;
			files = (
			);
			runOnlyForDeploymentPostprocessing = 0;
		};
/* End PBXFrameworksBuildPhase section */

/* Begin PBXGroup section */
		18E984A822C3C3A20043ADB8 = {
			isa = PBXGroup;
			children = (
				18E984B322C3C3A20043ADB8 /* SustainaBuddy */,
				18E984CB22C3C3A40043ADB8 /* SustainaBuddyTests */,
				18E984D622C3C3A40043ADB8 /* SustainaBuddyUITests */,
				18E984B222C3C3A20043ADB8 /* Products */,
			);
			sourceTree = "<group>";
		};
		18E984B222C3C3A20043ADB8 /* Products */ = {
			isa = PBXGroup;
			children = (
				18E984B122C3C3A20043ADB8 /* SustainaBuddy.app */,
				18E984C822C3C3A40043ADB8 /* SustainaBuddyTests.xctest */,
				18E984D322C3C3A40043ADB8 /* SustainaBuddyUITests.xctest */,
			);
			name = Products;
			sourceTree = "<group>";
		};
		18E984B322C3C3A20043ADB8 /* SustainaBuddy */ = {
			isa = PBXGroup;
			children = (
				18E984B422C3C3A20043ADB8 /* AppDelegate.swift */,
				18E984B622C3C3A20043ADB8 /* ViewController.swift */,
				18E984E522C3DF0D0043ADB8 /* NameViewController.swift */,
				18E984B822C3C3A20043ADB8 /* Main.storyboard */,
				18E984BE22C3C3A40043ADB8 /* Assets.xcassets */,
				18E984C022C3C3A40043ADB8 /* LaunchScreen.storyboard */,
				18E984C322C3C3A40043ADB8 /* Info.plist */,
				18E984BB22C3C3A20043ADB8 /* SustainaBuddy.xcdatamodeld */,
			);
			path = SustainaBuddy;
			sourceTree = "<group>";
		};
		18E984CB22C3C3A40043ADB8 /* SustainaBuddyTests */ = {
			isa = PBXGroup;
			children = (
				18E984CC22C3C3A40043ADB8 /* SustainaBuddyTests.swift */,
				18E984CE22C3C3A40043ADB8 /* Info.plist */,
			);
			path = SustainaBuddyTests;
			sourceTree = "<group>";
		};
		18E984D622C3C3A40043ADB8 /* SustainaBuddyUITests */ = {
			isa = PBXGroup;
			children = (
				18E984D722C3C3A40043ADB8 /* SustainaBuddyUITests.swift */,
				18E984D922C3C3A40043ADB8 /* Info.plist */,
			);
			path = SustainaBuddyUITests;
			sourceTree = "<group>";
		};
/* End PBXGroup section */

/* Begin PBXNativeTarget section */
		18E984B022C3C3A20043ADB8 /* SustainaBuddy */ = {
			isa = PBXNativeTarget;
			buildConfigurationList = 18E984DC22C3C3A40043ADB8 /* Build configuration list for PBXNativeTarget "SustainaBuddy" */;
			buildPhases = (
				18E984AD22C3C3A20043ADB8 /* Sources */,
				18E984AE22C3C3A20043ADB8 /* Frameworks */,
				18E984AF22C3C3A20043ADB8 /* Resources */,
			);
			buildRules = (
			);
			dependencies = (
			);
			name = SustainaBuddy;
			productName = SustainaBuddy;
			productReference = 18E984B122C3C3A20043ADB8 /* SustainaBuddy.app */;
			productType = "com.apple.product-type.application";
		};
		18E984C722C3C3A40043ADB8 /* SustainaBuddyTests */ = {
			isa = PBXNativeTarget;
			buildConfigurationList = 18E984DF22C3C3A40043ADB8 /* Build configuration list for PBXNativeTarget "SustainaBuddyTests" */;
			buildPhases = (
				18E984C422C3C3A40043ADB8 /* Sources */,
				18E984C522C3C3A40043ADB8 /* Frameworks */,
				18E984C622C3C3A40043ADB8 /* Resources */,
			);
			buildRules = (
			);
			dependencies = (
				18E984CA22C3C3A40043ADB8 /* PBXTargetDependency */,
			);
			name = SustainaBuddyTests;
			productName = SustainaBuddyTests;
			productReference = 18E984C822C3C3A40043ADB8 /* SustainaBuddyTests.xctest */;
			productType = "com.apple.product-type.bundle.unit-test";
		};
		18E984D222C3C3A40043ADB8 /* SustainaBuddyUITests */ = {
			isa = PBXNativeTarget;
			buildConfigurationList = 18E984E222C3C3A40043ADB8 /* Build configuration list for PBXNativeTarget "SustainaBuddyUITests" */;
			buildPhases = (
				18E984CF22C3C3A40043ADB8 /* Sources */,
				18E984D022C3C3A40043ADB8 /* Frameworks */,
				18E984D122C3C3A40043ADB8 /* Resources */,
			);
			buildRules = (
			);
			dependencies = (
				18E984D522C3C3A40043ADB8 /* PBXTargetDependency */,
			);
			name = SustainaBuddyUITests;
			productName = SustainaBuddyUITests;
			productReference = 18E984D322C3C3A40043ADB8 /* SustainaBuddyUITests.xctest */;
			productType = "com.apple.product-type.bundle.ui-testing";
		};
/* End PBXNativeTarget section */

/* Begin PBXProject section */
		18E984A922C3C3A20043ADB8 /* Project object */ = {
			isa = PBXProject;
			attributes = {
				LastSwiftUpdateCheck = 1020;
				LastUpgradeCheck = 1020;
				ORGANIZATIONNAME = Apple;
				TargetAttributes = {
					18E984B022C3C3A20043ADB8 = {
						CreatedOnToolsVersion = 10.2.1;
					};
					18E984C722C3C3A40043ADB8 = {
						CreatedOnToolsVersion = 10.2.1;
						TestTargetID = 18E984B022C3C3A20043ADB8;
					};
					18E984D222C3C3A40043ADB8 = {
						CreatedOnToolsVersion = 10.2.1;
						TestTargetID = 18E984B022C3C3A20043ADB8;
					};
				};
			};
			buildConfigurationList = 18E984AC22C3C3A20043ADB8 /* Build configuration list for PBXProject "SustainaBuddy" */;
			compatibilityVersion = "Xcode 9.3";
			developmentRegion = en;
			hasScannedForEncodings = 0;
			knownRegions = (
				en,
				Base,
			);
			mainGroup = 18E984A822C3C3A20043ADB8;
			productRefGroup = 18E984B222C3C3A20043ADB8 /* Products */;
			projectDirPath = "";
			projectRoot = "";
			targets = (
				18E984B022C3C3A20043ADB8 /* SustainaBuddy */,
				18E984C722C3C3A40043ADB8 /* SustainaBuddyTests */,
				18E984D222C3C3A40043ADB8 /* SustainaBuddyUITests */,
			);
		};
/* End PBXProject section */

/* Begin PBXResourcesBuildPhase section */
		18E984AF22C3C3A20043ADB8 /* Resources */ = {
			isa = PBXResourcesBuildPhase;
			buildActionMask = 2147483647;
			files = (
				18E984C222C3C3A40043ADB8 /* LaunchScreen.storyboard in Resources */,
				18E984BF22C3C3A40043ADB8 /* Assets.xcassets in Resources */,
				18E984BA22C3C3A20043ADB8 /* Main.storyboard in Resources */,
			);
			runOnlyForDeploymentPostprocessing = 0;
		};
		18E984C622C3C3A40043ADB8 /* Resources */ = {
			isa = PBXResourcesBuildPhase;
			buildActionMask = 2147483647;
			files = (
			);
			runOnlyForDeploymentPostprocessing = 0;
		};
		18E984D122C3C3A40043ADB8 /* Resources */ = {
			isa = PBXResourcesBuildPhase;
			buildActionMask = 2147483647;
			files = (
			);
			runOnlyForDeploymentPostprocessing = 0;
		};
/* End PBXResourcesBuildPhase section */

/* Begin PBXSourcesBuildPhase section */
		18E984AD22C3C3A20043ADB8 /* Sources */ = {
			isa = PBXSourcesBuildPhase;
			buildActionMask = 2147483647;
			files = (
				18E984B722C3C3A20043ADB8 /* ViewController.swift in Sources */,
				18E984B522C3C3A20043ADB8 /* AppDelegate.swift in Sources */,
				18E984BD22C3C3A20043ADB8 /* SustainaBuddy.xcdatamodeld in Sources */,
				18E984E622C3DF0D0043ADB8 /* NameViewController.swift in Sources */,
			);
			runOnlyForDeploymentPostprocessing = 0;
		};
		18E984C422C3C3A40043ADB8 /* Sources */ = {
			isa = PBXSourcesBuildPhase;
			buildActionMask = 2147483647;
			files = (
				18E984CD22C3C3A40043ADB8 /* SustainaBuddyTests.swift in Sources */,
			);
			runOnlyForDeploymentPostprocessing = 0;
		};
		18E984CF22C3C3A40043ADB8 /* Sources */ = {
			isa = PBXSourcesBuildPhase;
			buildActionMask = 2147483647;
			files = (
				18E984D822C3C3A40043ADB8 /* SustainaBuddyUITests.swift in Sources */,
			);
			runOnlyForDeploymentPostprocessing = 0;
		};
/* End PBXSourcesBuildPhase section */

/* Begin PBXTargetDependency section */
		18E984CA22C3C3A40043ADB8 /* PBXTargetDependency */ = {
			isa = PBXTargetDependency;
			target = 18E984B022C3C3A20043ADB8 /* SustainaBuddy */;
			targetProxy = 18E984C922C3C3A40043ADB8 /* PBXContainerItemProxy */;
		};
		18E984D522C3C3A40043ADB8 /* PBXTargetDependency */ = {
			isa = PBXTargetDependency;
			target = 18E984B022C3C3A20043ADB8 /* SustainaBuddy */;
			targetProxy = 18E984D422C3C3A40043ADB8 /* PBXContainerItemProxy */;
		};
/* End PBXTargetDependency section */

/* Begin PBXVariantGroup section */
		18E984B822C3C3A20043ADB8 /* Main.storyboard */ = {
			isa = PBXVariantGroup;
			children = (
				18E984B922C3C3A20043ADB8 /* Base */,
			);
			name = Main.storyboard;
			sourceTree = "<group>";
		};
		18E984C022C3C3A40043ADB8 /* LaunchScreen.storyboard */ = {
			isa = PBXVariantGroup;
			children = (
				18E984C122C3C3A40043ADB8 /* Base */,
			);
			name = LaunchScreen.storyboard;
			sourceTree = "<group>";
		};
/* End PBXVariantGroup section */

/* Begin XCBuildConfiguration section */
		18E984DA22C3C3A40043ADB8 /* Debug */ = {
			isa = XCBuildConfiguration;
			buildSettings = {
				ALWAYS_SEARCH_USER_PATHS = NO;
				CLANG_ANALYZER_NONNULL = YES;
				CLANG_ANALYZER_NUMBER_OBJECT_CONVERSION = YES_AGGRESSIVE;
				CLANG_CXX_LANGUAGE_STANDARD = "gnu++14";
				CLANG_CXX_LIBRARY = "libc++";
				CLANG_ENABLE_MODULES = YES;
				CLANG_ENABLE_OBJC_ARC = YES;
				CLANG_ENABLE_OBJC_WEAK = YES;
				CLANG_WARN_BLOCK_CAPTURE_AUTORELEASING = YES;
				CLANG_WARN_BOOL_CONVERSION = YES;
				CLANG_WARN_COMMA = YES;
				CLANG_WARN_CONSTANT_CONVERSION = YES;
				CLANG_WARN_DEPRECATED_OBJC_IMPLEMENTATIONS = YES;
				CLANG_WARN_DIRECT_OBJC_ISA_USAGE = YES_ERROR;
				CLANG_WARN_DOCUMENTATION_COMMENTS = YES;
				CLANG_WARN_EMPTY_BODY = YES;
				CLANG_WARN_ENUM_CONVERSION = YES;
				CLANG_WARN_INFINITE_RECURSION = YES;
				CLANG_WARN_INT_CONVERSION = YES;
				CLANG_WARN_NON_LITERAL_NULL_CONVERSION = YES;
				CLANG_WARN_OBJC_IMPLICIT_RETAIN_SELF = YES;
				CLANG_WARN_OBJC_LITERAL_CONVERSION = YES;
				CLANG_WARN_OBJC_ROOT_CLASS = YES_ERROR;
				CLANG_WARN_RANGE_LOOP_ANALYSIS = YES;
				CLANG_WARN_STRICT_PROTOTYPES = YES;
				CLANG_WARN_SUSPICIOUS_MOVE = YES;
				CLANG_WARN_UNGUARDED_AVAILABILITY = YES_AGGRESSIVE;
				CLANG_WARN_UNREACHABLE_CODE = YES;
				CLANG_WARN__DUPLICATE_METHOD_MATCH = YES;
				CODE_SIGN_IDENTITY = "iPhone Developer";
				COPY_PHASE_STRIP = NO;
				DEBUG_INFORMATION_FORMAT = dwarf;
				ENABLE_STRICT_OBJC_MSGSEND = YES;
				ENABLE_TESTABILITY = YES;
				GCC_C_LANGUAGE_STANDARD = gnu11;
				GCC_DYNAMIC_NO_PIC = NO;
				GCC_NO_COMMON_BLOCKS = YES;
				GCC_OPTIMIZATION_LEVEL = 0;
				GCC_PREPROCESSOR_DEFINITIONS = (
					"DEBUG=1",
					"$(inherited)",
				);
				GCC_WARN_64_TO_32_BIT_CONVERSION = YES;
				GCC_WARN_ABOUT_RETURN_TYPE = YES_ERROR;
				GCC_WARN_UNDECLARED_SELECTOR = YES;
				GCC_WARN_UNINITIALIZED_AUTOS = YES_AGGRESSIVE;
				GCC_WARN_UNUSED_FUNCTION = YES;
				GCC_WARN_UNUSED_VARIABLE = YES;
				IPHONEOS_DEPLOYMENT_TARGET = 12.2;
				MTL_ENABLE_DEBUG_INFO = INCLUDE_SOURCE;
				MTL_FAST_MATH = YES;
				ONLY_ACTIVE_ARCH = YES;
				SDKROOT = iphoneos;
				SWIFT_ACTIVE_COMPILATION_CONDITIONS = DEBUG;
				SWIFT_OPTIMIZATION_LEVEL = "-Onone";
			};
			name = Debug;
		};
		18E984DB22C3C3A40043ADB8 /* Release */ = {
			isa = XCBuildConfiguration;
			buildSettings = {
				ALWAYS_SEARCH_USER_PATHS = NO;
				CLANG_ANALYZER_NONNULL = YES;
				CLANG_ANALYZER_NUMBER_OBJECT_CONVERSION = YES_AGGRESSIVE;
				CLANG_CXX_LANGUAGE_STANDARD = "gnu++14";
				CLANG_CXX_LIBRARY = "libc++";
				CLANG_ENABLE_MODULES = YES;
				CLANG_ENABLE_OBJC_ARC = YES;
				CLANG_ENABLE_OBJC_WEAK = YES;
				CLANG_WARN_BLOCK_CAPTURE_AUTORELEASING = YES;
				CLANG_WARN_BOOL_CONVERSION = YES;
				CLANG_WARN_COMMA = YES;
				CLANG_WARN_CONSTANT_CONVERSION = YES;
				CLANG_WARN_DEPRECATED_OBJC_IMPLEMENTATIONS = YES;
				CLANG_WARN_DIRECT_OBJC_ISA_USAGE = YES_ERROR;
				CLANG_WARN_DOCUMENTATION_COMMENTS = YES;
				CLANG_WARN_EMPTY_BODY = YES;
				CLANG_WARN_ENUM_CONVERSION = YES;
				CLANG_WARN_INFINITE_RECURSION = YES;
				CLANG_WARN_INT_CONVERSION = YES;
				CLANG_WARN_NON_LITERAL_NULL_CONVERSION = YES;
				CLANG_WARN_OBJC_IMPLICIT_RETAIN_SELF = YES;
				CLANG_WARN_OBJC_LITERAL_CONVERSION = YES;
				CLANG_WARN_OBJC_ROOT_CLASS = YES_ERROR;
				CLANG_WARN_RANGE_LOOP_ANALYSIS = YES;
				CLANG_WARN_STRICT_PROTOTYPES = YES;
				CLANG_WARN_SUSPICIOUS_MOVE = YES;
				CLANG_WARN_UNGUARDED_AVAILABILITY = YES_AGGRESSIVE;
				CLANG_WARN_UNREACHABLE_CODE = YES;
				CLANG_WARN__DUPLICATE_METHOD_MATCH = YES;
				CODE_SIGN_IDENTITY = "iPhone Developer";
				COPY_PHASE_STRIP = NO;
				DEBUG_INFORMATION_FORMAT = "dwarf-with-dsym";
				ENABLE_NS_ASSERTIONS = NO;
				ENABLE_STRICT_OBJC_MSGSEND = YES;
				GCC_C_LANGUAGE_STANDARD = gnu11;
				GCC_NO_COMMON_BLOCKS = YES;
				GCC_WARN_64_TO_32_BIT_CONVERSION = YES;
				GCC_WARN_ABOUT_RETURN_TYPE = YES_ERROR;
				GCC_WARN_UNDECLARED_SELECTOR = YES;
				GCC_WARN_UNINITIALIZED_AUTOS = YES_AGGRESSIVE;
				GCC_WARN_UNUSED_FUNCTION = YES;
				GCC_WARN_UNUSED_VARIABLE = YES;
				IPHONEOS_DEPLOYMENT_TARGET = 12.2;
				MTL_ENABLE_DEBUG_INFO = NO;
				MTL_FAST_MATH = YES;
				SDKROOT = iphoneos;
				SWIFT_COMPILATION_MODE = wholemodule;
				SWIFT_OPTIMIZATION_LEVEL = "-O";
				VALIDATE_PRODUCT = YES;
			};
			name = Release;
		};
		18E984DD22C3C3A40043ADB8 /* Debug */ = {
			isa = XCBuildConfiguration;
			buildSettings = {
				ASSETCATALOG_COMPILER_APPICON_NAME = AppIcon;
				CODE_SIGN_STYLE = Automatic;
				INFOPLIST_FILE = SustainaBuddy/Info.plist;
				LD_RUNPATH_SEARCH_PATHS = (
					"$(inherited)",
					"@executable_path/Frameworks",
				);
				PRODUCT_BUNDLE_IDENTIFIER = "karen-lin.SustainaBuddy";
				PRODUCT_NAME = "$(TARGET_NAME)";
				SWIFT_VERSION = 5.0;
				TARGETED_DEVICE_FAMILY = "1,2";
			};
			name = Debug;
		};
		18E984DE22C3C3A40043ADB8 /* Release */ = {
			isa = XCBuildConfiguration;
			buildSettings = {
				ASSETCATALOG_COMPILER_APPICON_NAME = AppIcon;
				CODE_SIGN_STYLE = Automatic;
				INFOPLIST_FILE = SustainaBuddy/Info.plist;
				LD_RUNPATH_SEARCH_PATHS = (
					"$(inherited)",
					"@executable_path/Frameworks",
				);
				PRODUCT_BUNDLE_IDENTIFIER = "karen-lin.SustainaBuddy";
				PRODUCT_NAME = "$(TARGET_NAME)";
				SWIFT_VERSION = 5.0;
				TARGETED_DEVICE_FAMILY = "1,2";
			};
			name = Release;
		};
		18E984E022C3C3A40043ADB8 /* Debug */ = {
			isa = XCBuildConfiguration;
			buildSettings = {
				ALWAYS_EMBED_SWIFT_STANDARD_LIBRARIES = YES;
				BUNDLE_LOADER = "$(TEST_HOST)";
				CODE_SIGN_STYLE = Automatic;
				INFOPLIST_FILE = SustainaBuddyTests/Info.plist;
				LD_RUNPATH_SEARCH_PATHS = (
					"$(inherited)",
					"@executable_path/Frameworks",
					"@loader_path/Frameworks",
				);
				PRODUCT_BUNDLE_IDENTIFIER = "karen-lin.SustainaBuddyTests";
				PRODUCT_NAME = "$(TARGET_NAME)";
				SWIFT_VERSION = 5.0;
				TARGETED_DEVICE_FAMILY = "1,2";
				TEST_HOST = "$(BUILT_PRODUCTS_DIR)/SustainaBuddy.app/SustainaBuddy";
			};
			name = Debug;
		};
		18E984E122C3C3A40043ADB8 /* Release */ = {
			isa = XCBuildConfiguration;
			buildSettings = {
				ALWAYS_EMBED_SWIFT_STANDARD_LIBRARIES = YES;
				BUNDLE_LOADER = "$(TEST_HOST)";
				CODE_SIGN_STYLE = Automatic;
				INFOPLIST_FILE = SustainaBuddyTests/Info.plist;
				LD_RUNPATH_SEARCH_PATHS = (
					"$(inherited)",
					"@executable_path/Frameworks",
					"@loader_path/Frameworks",
				);
				PRODUCT_BUNDLE_IDENTIFIER = "karen-lin.SustainaBuddyTests";
				PRODUCT_NAME = "$(TARGET_NAME)";
				SWIFT_VERSION = 5.0;
				TARGETED_DEVICE_FAMILY = "1,2";
				TEST_HOST = "$(BUILT_PRODUCTS_DIR)/SustainaBuddy.app/SustainaBuddy";
			};
			name = Release;
		};
		18E984E322C3C3A40043ADB8 /* Debug */ = {
			isa = XCBuildConfiguration;
			buildSettings = {
				ALWAYS_EMBED_SWIFT_STANDARD_LIBRARIES = YES;
				CODE_SIGN_STYLE = Automatic;
				INFOPLIST_FILE = SustainaBuddyUITests/Info.plist;
				LD_RUNPATH_SEARCH_PATHS = (
					"$(inherited)",
					"@executable_path/Frameworks",
					"@loader_path/Frameworks",
				);
				PRODUCT_BUNDLE_IDENTIFIER = "karen-lin.SustainaBuddyUITests";
				PRODUCT_NAME = "$(TARGET_NAME)";
				SWIFT_VERSION = 5.0;
				TARGETED_DEVICE_FAMILY = "1,2";
				TEST_TARGET_NAME = SustainaBuddy;
			};
			name = Debug;
		};
		18E984E422C3C3A40043ADB8 /* Release */ = {
			isa = XCBuildConfiguration;
			buildSettings = {
				ALWAYS_EMBED_SWIFT_STANDARD_LIBRARIES = YES;
				CODE_SIGN_STYLE = Automatic;
				INFOPLIST_FILE = SustainaBuddyUITests/Info.plist;
				LD_RUNPATH_SEARCH_PATHS = (
					"$(inherited)",
					"@executable_path/Frameworks",
					"@loader_path/Frameworks",
				);
				PRODUCT_BUNDLE_IDENTIFIER = "karen-lin.SustainaBuddyUITests";
				PRODUCT_NAME = "$(TARGET_NAME)";
				SWIFT_VERSION = 5.0;
				TARGETED_DEVICE_FAMILY = "1,2";
				TEST_TARGET_NAME = SustainaBuddy;
			};
			name = Release;
		};
/* End XCBuildConfiguration section */

/* Begin XCConfigurationList section */
		18E984AC22C3C3A20043ADB8 /* Build configuration list for PBXProject "SustainaBuddy" */ = {
			isa = XCConfigurationList;
			buildConfigurations = (
				18E984DA22C3C3A40043ADB8 /* Debug */,
				18E984DB22C3C3A40043ADB8 /* Release */,
			);
			defaultConfigurationIsVisible = 0;
			defaultConfigurationName = Release;
		};
		18E984DC22C3C3A40043ADB8 /* Build configuration list for PBXNativeTarget "SustainaBuddy" */ = {
			isa = XCConfigurationList;
			buildConfigurations = (
				18E984DD22C3C3A40043ADB8 /* Debug */,
				18E984DE22C3C3A40043ADB8 /* Release */,
			);
			defaultConfigurationIsVisible = 0;
			defaultConfigurationName = Release;
		};
		18E984DF22C3C3A40043ADB8 /* Build configuration list for PBXNativeTarget "SustainaBuddyTests" */ = {
			isa = XCConfigurationList;
			buildConfigurations = (
				18E984E022C3C3A40043ADB8 /* Debug */,
				18E984E122C3C3A40043ADB8 /* Release */,
			);
			defaultConfigurationIsVisible = 0;
			defaultConfigurationName = Release;
		};
		18E984E222C3C3A40043ADB8 /* Build configuration list for PBXNativeTarget "SustainaBuddyUITests" */ = {
			isa = XCConfigurationList;
			buildConfigurations = (
				18E984E322C3C3A40043ADB8 /* Debug */,
				18E984E422C3C3A40043ADB8 /* Release */,
			);
			defaultConfigurationIsVisible = 0;
			defaultConfigurationName = Release;
		};
/* End XCConfigurationList section */

/* Begin XCVersionGroup section */
		18E984BB22C3C3A20043ADB8 /* SustainaBuddy.xcdatamodeld */ = {
			isa = XCVersionGroup;
			children = (
				18E984BC22C3C3A20043ADB8 /* SustainaBuddy.xcdatamodel */,
			);
			currentVersion = 18E984BC22C3C3A20043ADB8 /* SustainaBuddy.xcdatamodel */;
			path = SustainaBuddy.xcdatamodeld;
			sourceTree = "<group>";
			versionGroupType = wrapper.xcdatamodel;
		};
/* End XCVersionGroup section */
	};
	rootObject = 18E984A922C3C3A20043ADB8 /* Project object */;
}
